// !$*UTF8*$!
{
	archiveVersion = 1;
	classes = {
	};
	objectVersion = 56;
	objects = {

/* Begin PBXBuildFile section */
		6F974B9C2AEBEC1D00051413 /* AppDelegate.swift in Sources */ = {isa = PBXBuildFile; fileRef = 6F974B9B2AEBEC1D00051413 /* AppDelegate.swift */; };
		6F974B9E2AEBEC1D00051413 /* SceneDelegate.swift in Sources */ = {isa = PBXBuildFile; fileRef = 6F974B9D2AEBEC1D00051413 /* SceneDelegate.swift */; };
		6F974BA32AEBEC1D00051413 /* Main.storyboard in Resources */ = {isa = PBXBuildFile; fileRef = 6F974BA12AEBEC1D00051413 /* Main.storyboard */; };
		6F974BA52AEBEC1E00051413 /* Assets.xcassets in Resources */ = {isa = PBXBuildFile; fileRef = 6F974BA42AEBEC1E00051413 /* Assets.xcassets */; };
		6F974BA82AEBEC1E00051413 /* LaunchScreen.storyboard in Resources */ = {isa = PBXBuildFile; fileRef = 6F974BA62AEBEC1E00051413 /* LaunchScreen.storyboard */; };
		6F974BB42AEBED9500051413 /* DataManager.swift in Sources */ = {isa = PBXBuildFile; fileRef = 6F974BB32AEBED9500051413 /* DataManager.swift */; };
		6F974BB62AEBF07700051413 /* Song.swift in Sources */ = {isa = PBXBuildFile; fileRef = 6F974BB52AEBF07700051413 /* Song.swift */; };
		6F974BB82AEBF29D00051413 /* Movie.swift in Sources */ = {isa = PBXBuildFile; fileRef = 6F974BB72AEBF29D00051413 /* Movie.swift */; };
		6FA493912AECEC0600C2C4ED /* TrackTableViewController.swift in Sources */ = {isa = PBXBuildFile; fileRef = 6FA493902AECEC0600C2C4ED /* TrackTableViewController.swift */; };
		6FA493932AECF41900C2C4ED /* DetailViewController.swift in Sources */ = {isa = PBXBuildFile; fileRef = 6FA493922AECF41900C2C4ED /* DetailViewController.swift */; };
		6FA493952AED00EC00C2C4ED /* MovieTableViewCell.swift in Sources */ = {isa = PBXBuildFile; fileRef = 6FA493942AED00EC00C2C4ED /* MovieTableViewCell.swift */; };
		6FA493972AED023F00C2C4ED /* MovieTableViewController.swift in Sources */ = {isa = PBXBuildFile; fileRef = 6FA493962AED023F00C2C4ED /* MovieTableViewController.swift */; };
/* End PBXBuildFile section */

/* Begin PBXFileReference section */
		6F974B982AEBEC1D00051413 /* TableViewApp.app */ = {isa = PBXFileReference; explicitFileType = wrapper.application; includeInIndex = 0; path = TableViewApp.app; sourceTree = BUILT_PRODUCTS_DIR; };
		6F974B9B2AEBEC1D00051413 /* AppDelegate.swift */ = {isa = PBXFileReference; lastKnownFileType = sourcecode.swift; path = AppDelegate.swift; sourceTree = "<group>"; };
		6F974B9D2AEBEC1D00051413 /* SceneDelegate.swift */ = {isa = PBXFileReference; lastKnownFileType = sourcecode.swift; path = SceneDelegate.swift; sourceTree = "<group>"; };
		6F974BA22AEBEC1D00051413 /* Base */ = {isa = PBXFileReference; lastKnownFileType = file.storyboard; name = Base; path = Base.lproj/Main.storyboard; sourceTree = "<group>"; };
		6F974BA42AEBEC1E00051413 /* Assets.xcassets */ = {isa = PBXFileReference; lastKnownFileType = folder.assetcatalog; path = Assets.xcassets; sourceTree = "<group>"; };
		6F974BA72AEBEC1E00051413 /* Base */ = {isa = PBXFileReference; lastKnownFileType = file.storyboard; name = Base; path = Base.lproj/LaunchScreen.storyboard; sourceTree = "<group>"; };
		6F974BA92AEBEC1E00051413 /* Info.plist */ = {isa = PBXFileReference; lastKnownFileType = text.plist.xml; path = Info.plist; sourceTree = "<group>"; };
		6F974BB32AEBED9500051413 /* DataManager.swift */ = {isa = PBXFileReference; lastKnownFileType = sourcecode.swift; path = DataManager.swift; sourceTree = "<group>"; };
		6F974BB52AEBF07700051413 /* Song.swift */ = {isa = PBXFileReference; lastKnownFileType = sourcecode.swift; path = Song.swift; sourceTree = "<group>"; };
		6F974BB72AEBF29D00051413 /* Movie.swift */ = {isa = PBXFileReference; lastKnownFileType = sourcecode.swift; path = Movie.swift; sourceTree = "<group>"; };
		6FA493902AECEC0600C2C4ED /* TrackTableViewController.swift */ = {isa = PBXFileReference; lastKnownFileType = sourcecode.swift; path = TrackTableViewController.swift; sourceTree = "<group>"; };
		6FA493922AECF41900C2C4ED /* DetailViewController.swift */ = {isa = PBXFileReference; lastKnownFileType = sourcecode.swift; path = DetailViewController.swift; sourceTree = "<group>"; };
		6FA493942AED00EC00C2C4ED /* MovieTableViewCell.swift */ = {isa = PBXFileReference; lastKnownFileType = sourcecode.swift; path = MovieTableViewCell.swift; sourceTree = "<group>"; };
		6FA493962AED023F00C2C4ED /* MovieTableViewController.swift */ = {isa = PBXFileReference; lastKnownFileType = sourcecode.swift; path = MovieTableViewController.swift; sourceTree = "<group>"; };
/* End PBXFileReference section */

/* Begin PBXFrameworksBuildPhase section */
		6F974B952AEBEC1D00051413 /* Frameworks */ = {
			isa = PBXFrameworksBuildPhase;
			buildActionMask = 2147483647;
			files = (
			);
			runOnlyForDeploymentPostprocessing = 0;
		};
/* End PBXFrameworksBuildPhase section */

/* Begin PBXGroup section */
		6F974B8F2AEBEC1D00051413 = {
			isa = PBXGroup;
			children = (
				6F974B9A2AEBEC1D00051413 /* TableViewApp */,
				6F974B992AEBEC1D00051413 /* Products */,
			);
			sourceTree = "<group>";
		};
		6F974B992AEBEC1D00051413 /* Products */ = {
			isa = PBXGroup;
			children = (
				6F974B982AEBEC1D00051413 /* TableViewApp.app */,
			);
			name = Products;
			sourceTree = "<group>";
		};
		6F974B9A2AEBEC1D00051413 /* TableViewApp */ = {
			isa = PBXGroup;
			children = (
				6F974BAF2AEBEC8D00051413 /* AppDelegate */,
				6F974BB22AEBED3100051413 /* Model */,
				6F974BB02AEBECC500051413 /* View */,
				6F974BB12AEBECCF00051413 /* Controller */,
				6F974BA42AEBEC1E00051413 /* Assets.xcassets */,
				6F974BA92AEBEC1E00051413 /* Info.plist */,
			);
			path = TableViewApp;
			sourceTree = "<group>";
		};
		6F974BAF2AEBEC8D00051413 /* AppDelegate */ = {
			isa = PBXGroup;
			children = (
				6F974B9B2AEBEC1D00051413 /* AppDelegate.swift */,
				6F974B9D2AEBEC1D00051413 /* SceneDelegate.swift */,
			);
			path = AppDelegate;
			sourceTree = "<group>";
		};
		6F974BB02AEBECC500051413 /* View */ = {
			isa = PBXGroup;
			children = (
				6F974BA12AEBEC1D00051413 /* Main.storyboard */,
				6F974BA62AEBEC1E00051413 /* LaunchScreen.storyboard */,
			);
			path = View;
			sourceTree = "<group>";
		};
		6F974BB12AEBECCF00051413 /* Controller */ = {
			isa = PBXGroup;
			children = (
				6FA493902AECEC0600C2C4ED /* TrackTableViewController.swift */,
				6FA493922AECF41900C2C4ED /* DetailViewController.swift */,
				6FA493942AED00EC00C2C4ED /* MovieTableViewCell.swift */,
				6FA493962AED023F00C2C4ED /* MovieTableViewController.swift */,
			);
			path = Controller;
			sourceTree = "<group>";
		};
		6F974BB22AEBED3100051413 /* Model */ = {
			isa = PBXGroup;
			children = (
				6F974BB32AEBED9500051413 /* DataManager.swift */,
				6F974BB52AEBF07700051413 /* Song.swift */,
				6F974BB72AEBF29D00051413 /* Movie.swift */,
			);
			path = Model;
			sourceTree = "<group>";
		};
/* End PBXGroup section */

/* Begin PBXNativeTarget section */
		6F974B972AEBEC1D00051413 /* TableViewApp */ = {
			isa = PBXNativeTarget;
			buildConfigurationList = 6F974BAC2AEBEC1E00051413 /* Build configuration list for PBXNativeTarget "TableViewApp" */;
			buildPhases = (
				6F974B942AEBEC1D00051413 /* Sources */,
				6F974B952AEBEC1D00051413 /* Frameworks */,
				6F974B962AEBEC1D00051413 /* Resources */,
			);
			buildRules = (
			);
			dependencies = (
			);
			name = TableViewApp;
			productName = TableViewApp;
			productReference = 6F974B982AEBEC1D00051413 /* TableViewApp.app */;
			productType = "com.apple.product-type.application";
		};
/* End PBXNativeTarget section */

/* Begin PBXProject section */
		6F974B902AEBEC1D00051413 /* Project object */ = {
			isa = PBXProject;
			attributes = {
				BuildIndependentTargetsInParallel = 1;
				LastSwiftUpdateCheck = 1500;
				LastUpgradeCheck = 1500;
				TargetAttributes = {
					6F974B972AEBEC1D00051413 = {
						CreatedOnToolsVersion = 15.0.1;
					};
				};
			};
			buildConfigurationList = 6F974B932AEBEC1D00051413 /* Build configuration list for PBXProject "TableViewApp" */;
			compatibilityVersion = "Xcode 14.0";
			developmentRegion = en;
			hasScannedForEncodings = 0;
			knownRegions = (
				en,
				Base,
			);
			mainGroup = 6F974B8F2AEBEC1D00051413;
			productRefGroup = 6F974B992AEBEC1D00051413 /* Products */;
			projectDirPath = "";
			projectRoot = "";
			targets = (
				6F974B972AEBEC1D00051413 /* TableViewApp */,
			);
		};
/* End PBXProject section */

/* Begin PBXResourcesBuildPhase section */
		6F974B962AEBEC1D00051413 /* Resources */ = {
			isa = PBXResourcesBuildPhase;
			buildActionMask = 2147483647;
			files = (
				6F974BA82AEBEC1E00051413 /* LaunchScreen.storyboard in Resources */,
				6F974BA52AEBEC1E00051413 /* Assets.xcassets in Resources */,
				6F974BA32AEBEC1D00051413 /* Main.storyboard in Resources */,
			);
			runOnlyForDeploymentPostprocessing = 0;
		};
/* End PBXResourcesBuildPhase section */

/* Begin PBXSourcesBuildPhase section */
		6F974B942AEBEC1D00051413 /* Sources */ = {
			isa = PBXSourcesBuildPhase;
			buildActionMask = 2147483647;
			files = (
				6F974BB42AEBED9500051413 /* DataManager.swift in Sources */,
				6FA493912AECEC0600C2C4ED /* TrackTableViewController.swift in Sources */,
				6F974BB82AEBF29D00051413 /* Movie.swift in Sources */,
				6F974B9C2AEBEC1D00051413 /* AppDelegate.swift in Sources */,
				6F974B9E2AEBEC1D00051413 /* SceneDelegate.swift in Sources */,
				6FA493972AED023F00C2C4ED /* MovieTableViewController.swift in Sources */,
				6F974BB62AEBF07700051413 /* Song.swift in Sources */,
				6FA493952AED00EC00C2C4ED /* MovieTableViewCell.swift in Sources */,
				6FA493932AECF41900C2C4ED /* DetailViewController.swift in Sources */,
			);
			runOnlyForDeploymentPostprocessing = 0;
		};
/* End PBXSourcesBuildPhase section */

/* Begin PBXVariantGroup section */
		6F974BA12AEBEC1D00051413 /* Main.storyboard */ = {
			isa = PBXVariantGroup;
			children = (
				6F974BA22AEBEC1D00051413 /* Base */,
			);
			name = Main.storyboard;
			sourceTree = "<group>";
		};
		6F974BA62AEBEC1E00051413 /* LaunchScreen.storyboard */ = {
			isa = PBXVariantGroup;
			children = (
				6F974BA72AEBEC1E00051413 /* Base */,
			);
			name = LaunchScreen.storyboard;
			sourceTree = "<group>";
		};
/* End PBXVariantGroup section */

/* Begin XCBuildConfiguration section */
		6F974BAA2AEBEC1E00051413 /* Debug */ = {
			isa = XCBuildConfiguration;
			buildSettings = {
				ALWAYS_SEARCH_USER_PATHS = NO;
				ASSETCATALOG_COMPILER_GENERATE_SWIFT_ASSET_SYMBOL_EXTENSIONS = YES;
				CLANG_ANALYZER_NONNULL = YES;
				CLANG_ANALYZER_NUMBER_OBJECT_CONVERSION = YES_AGGRESSIVE;
				CLANG_CXX_LANGUAGE_STANDARD = "gnu++20";
				CLANG_ENABLE_MODULES = YES;
				CLANG_ENABLE_OBJC_ARC = YES;
				CLANG_ENABLE_OBJC_WEAK = YES;
				CLANG_WARN_BLOCK_CAPTURE_AUTORELEASING = YES;
				CLANG_WARN_BOOL_CONVERSION = YES;
				CLANG_WARN_COMMA = YES;
				CLANG_WARN_CONSTANT_CONVERSION = YES;
				CLANG_WARN_DEPRECATED_OBJC_IMPLEMENTATIONS = YES;
				CLANG_WARN_DIRECT_OBJC_ISA_USAGE = YES_ERROR;
				CLANG_WARN_DOCUMENTATION_COMMENTS = YES;
				CLANG_WARN_EMPTY_BODY = YES;
				CLANG_WARN_ENUM_CONVERSION = YES;
				CLANG_WARN_INFINITE_RECURSION = YES;
				CLANG_WARN_INT_CONVERSION = YES;
				CLANG_WARN_NON_LITERAL_NULL_CONVERSION = YES;
				CLANG_WARN_OBJC_IMPLICIT_RETAIN_SELF = YES;
				CLANG_WARN_OBJC_LITERAL_CONVERSION = YES;
				CLANG_WARN_OBJC_ROOT_CLASS = YES_ERROR;
				CLANG_WARN_QUOTED_INCLUDE_IN_FRAMEWORK_HEADER = YES;
				CLANG_WARN_RANGE_LOOP_ANALYSIS = YES;
				CLANG_WARN_STRICT_PROTOTYPES = YES;
				CLANG_WARN_SUSPICIOUS_MOVE = YES;
				CLANG_WARN_UNGUARDED_AVAILABILITY = YES_AGGRESSIVE;
				CLANG_WARN_UNREACHABLE_CODE = YES;
				CLANG_WARN__DUPLICATE_METHOD_MATCH = YES;
				COPY_PHASE_STRIP = NO;
				DEBUG_INFORMATION_FORMAT = dwarf;
				ENABLE_STRICT_OBJC_MSGSEND = YES;
				ENABLE_TESTABILITY = YES;
				ENABLE_USER_SCRIPT_SANDBOXING = YES;
				GCC_C_LANGUAGE_STANDARD = gnu17;
				GCC_DYNAMIC_NO_PIC = NO;
				GCC_NO_COMMON_BLOCKS = YES;
				GCC_OPTIMIZATION_LEVEL = 0;
				GCC_PREPROCESSOR_DEFINITIONS = (
					"DEBUG=1",
					"$(inherited)",
				);
				GCC_WARN_64_TO_32_BIT_CONVERSION = YES;
				GCC_WARN_ABOUT_RETURN_TYPE = YES_ERROR;
				GCC_WARN_UNDECLARED_SELECTOR = YES;
				GCC_WARN_UNINITIALIZED_AUTOS = YES_AGGRESSIVE;
				GCC_WARN_UNUSED_FUNCTION = YES;
				GCC_WARN_UNUSED_VARIABLE = YES;
				IPHONEOS_DEPLOYMENT_TARGET = 17.0;
				LOCALIZATION_PREFERS_STRING_CATALOGS = YES;
				MTL_ENABLE_DEBUG_INFO = INCLUDE_SOURCE;
				MTL_FAST_MATH = YES;
				ONLY_ACTIVE_ARCH = YES;
				SDKROOT = iphoneos;
				SWIFT_ACTIVE_COMPILATION_CONDITIONS = "DEBUG $(inherited)";
				SWIFT_OPTIMIZATION_LEVEL = "-Onone";
			};
			name = Debug;
		};
		6F974BAB2AEBEC1E00051413 /* Release */ = {
			isa = XCBuildConfiguration;
			buildSettings = {
				ALWAYS_SEARCH_USER_PATHS = NO;
				ASSETCATALOG_COMPILER_GENERATE_SWIFT_ASSET_SYMBOL_EXTENSIONS = YES;
				CLANG_ANALYZER_NONNULL = YES;
				CLANG_ANALYZER_NUMBER_OBJECT_CONVERSION = YES_AGGRESSIVE;
				CLANG_CXX_LANGUAGE_STANDARD = "gnu++20";
				CLANG_ENABLE_MODULES = YES;
				CLANG_ENABLE_OBJC_ARC = YES;
				CLANG_ENABLE_OBJC_WEAK = YES;
				CLANG_WARN_BLOCK_CAPTURE_AUTORELEASING = YES;
				CLANG_WARN_BOOL_CONVERSION = YES;
				CLANG_WARN_COMMA = YES;
				CLANG_WARN_CONSTANT_CONVERSION = YES;
				CLANG_WARN_DEPRECATED_OBJC_IMPLEMENTATIONS = YES;
				CLANG_WARN_DIRECT_OBJC_ISA_USAGE = YES_ERROR;
				CLANG_WARN_DOCUMENTATION_COMMENTS = YES;
				CLANG_WARN_EMPTY_BODY = YES;
				CLANG_WARN_ENUM_CONVERSION = YES;
				CLANG_WARN_INFINITE_RECURSION = YES;
				CLANG_WARN_INT_CONVERSION = YES;
				CLANG_WARN_NON_LITERAL_NULL_CONVERSION = YES;
				CLANG_WARN_OBJC_IMPLICIT_RETAIN_SELF = YES;
				CLANG_WARN_OBJC_LITERAL_CONVERSION = YES;
				CLANG_WARN_OBJC_ROOT_CLASS = YES_ERROR;
				CLANG_WARN_QUOTED_INCLUDE_IN_FRAMEWORK_HEADER = YES;
				CLANG_WARN_RANGE_LOOP_ANALYSIS = YES;
				CLANG_WARN_STRICT_PROTOTYPES = YES;
				CLANG_WARN_SUSPICIOUS_MOVE = YES;
				CLANG_WARN_UNGUARDED_AVAILABILITY = YES_AGGRESSIVE;
				CLANG_WARN_UNREACHABLE_CODE = YES;
				CLANG_WARN__DUPLICATE_METHOD_MATCH = YES;
				COPY_PHASE_STRIP = NO;
				DEBUG_INFORMATION_FORMAT = "dwarf-with-dsym";
				ENABLE_NS_ASSERTIONS = NO;
				ENABLE_STRICT_OBJC_MSGSEND = YES;
				ENABLE_USER_SCRIPT_SANDBOXING = YES;
				GCC_C_LANGUAGE_STANDARD = gnu17;
				GCC_NO_COMMON_BLOCKS = YES;
				GCC_WARN_64_TO_32_BIT_CONVERSION = YES;
				GCC_WARN_ABOUT_RETURN_TYPE = YES_ERROR;
				GCC_WARN_UNDECLARED_SELECTOR = YES;
				GCC_WARN_UNINITIALIZED_AUTOS = YES_AGGRESSIVE;
				GCC_WARN_UNUSED_FUNCTION = YES;
				GCC_WARN_UNUSED_VARIABLE = YES;
				IPHONEOS_DEPLOYMENT_TARGET = 17.0;
				LOCALIZATION_PREFERS_STRING_CATALOGS = YES;
				MTL_ENABLE_DEBUG_INFO = NO;
				MTL_FAST_MATH = YES;
				SDKROOT = iphoneos;
				SWIFT_COMPILATION_MODE = wholemodule;
				VALIDATE_PRODUCT = YES;
			};
			name = Release;
		};
		6F974BAD2AEBEC1E00051413 /* Debug */ = {
			isa = XCBuildConfiguration;
			buildSettings = {
				ASSETCATALOG_COMPILER_APPICON_NAME = AppIcon;
				ASSETCATALOG_COMPILER_GLOBAL_ACCENT_COLOR_NAME = AccentColor;
				CODE_SIGN_STYLE = Automatic;
				CURRENT_PROJECT_VERSION = 1;
				GENERATE_INFOPLIST_FILE = YES;
				INFOPLIST_FILE = TableViewApp/Info.plist;
				INFOPLIST_KEY_UIApplicationSupportsIndirectInputEvents = YES;
				INFOPLIST_KEY_UILaunchStoryboardName = LaunchScreen;
				INFOPLIST_KEY_UIMainStoryboardFile = Main;
				INFOPLIST_KEY_UISupportedInterfaceOrientations_iPad = "UIInterfaceOrientationPortrait UIInterfaceOrientationPortraitUpsideDown UIInterfaceOrientationLandscapeLeft UIInterfaceOrientationLandscapeRight";
				INFOPLIST_KEY_UISupportedInterfaceOrientations_iPhone = "UIInterfaceOrientationPortrait UIInterfaceOrientationLandscapeLeft UIInterfaceOrientationLandscapeRight";
				IPHONEOS_DEPLOYMENT_TARGET = 15.0;
				LD_RUNPATH_SEARCH_PATHS = (
					"$(inherited)",
					"@executable_path/Frameworks",
				);
				MARKETING_VERSION = 1.0;
				PRODUCT_BUNDLE_IDENTIFIER = com.omak.TableViewApp;
				PRODUCT_NAME = "$(TARGET_NAME)";
				SWIFT_EMIT_LOC_STRINGS = YES;
				SWIFT_VERSION = 5.0;
				TARGETED_DEVICE_FAMILY = "1,2";
			};
			name = Debug;
		};
		6F974BAE2AEBEC1E00051413 /* Release */ = {
			isa = XCBuildConfiguration;
			buildSettings = {
				ASSETCATALOG_COMPILER_APPICON_NAME = AppIcon;
				ASSETCATALOG_COMPILER_GLOBAL_ACCENT_COLOR_NAME = AccentColor;
				CODE_SIGN_STYLE = Automatic;
				CURRENT_PROJECT_VERSION = 1;
				GENERATE_INFOPLIST_FILE = YES;
				INFOPLIST_FILE = TableViewApp/Info.plist;
				INFOPLIST_KEY_UIApplicationSupportsIndirectInputEvents = YES;
				INFOPLIST_KEY_UILaunchStoryboardName = LaunchScreen;
				INFOPLIST_KEY_UIMainStoryboardFile = Main;
				INFOPLIST_KEY_UISupportedInterfaceOrientations_iPad = "UIInterfaceOrientationPortrait UIInterfaceOrientationPortraitUpsideDown UIInterfaceOrientationLandscapeLeft UIInterfaceOrientationLandscapeRight";
				INFOPLIST_KEY_UISupportedInterfaceOrientations_iPhone = "UIInterfaceOrientationPortrait UIInterfaceOrientationLandscapeLeft UIInterfaceOrientationLandscapeRight";
				IPHONEOS_DEPLOYMENT_TARGET = 15.0;
				LD_RUNPATH_SEARCH_PATHS = (
					"$(inherited)",
					"@executable_path/Frameworks",
				);
				MARKETING_VERSION = 1.0;
				PRODUCT_BUNDLE_IDENTIFIER = com.omak.TableViewApp;
				PRODUCT_NAME = "$(TARGET_NAME)";
				SWIFT_EMIT_LOC_STRINGS = YES;
				SWIFT_VERSION = 5.0;
				TARGETED_DEVICE_FAMILY = "1,2";
			};
			name = Release;
		};
/* End XCBuildConfiguration section */

/* Begin XCConfigurationList section */
		6F974B932AEBEC1D00051413 /* Build configuration list for PBXProject "TableViewApp" */ = {
			isa = XCConfigurationList;
			buildConfigurations = (
				6F974BAA2AEBEC1E00051413 /* Debug */,
				6F974BAB2AEBEC1E00051413 /* Release */,
			);
			defaultConfigurationIsVisible = 0;
			defaultConfigurationName = Release;
		};
		6F974BAC2AEBEC1E00051413 /* Build configuration list for PBXNativeTarget "TableViewApp" */ = {
			isa = XCConfigurationList;
			buildConfigurations = (
				6F974BAD2AEBEC1E00051413 /* Debug */,
				6F974BAE2AEBEC1E00051413 /* Release */,
			);
			defaultConfigurationIsVisible = 0;
			defaultConfigurationName = Release;
		};
/* End XCConfigurationList section */
	};
	rootObject = 6F974B902AEBEC1D00051413 /* Project object */;
}
